
Microsoft Visual Studio Solution File, Format Version 12.00
# Visual Studio Version 17
VisualStudioVersion = 17.0.31903.59
MinimumVisualStudioVersion = 10.0.40219.1
Project("{FAE04EC0-301F-11D3-BF4B-00C04F79EFBC}") = "Qzt.Ump.RpcService", "Qzt.Ump.RpcService\Qzt.Ump.RpcService.csproj", "{BACC0190-5938-4E3F-9A3C-1431437B745E}"
EndProject
Project("{FAE04EC0-301F-11D3-BF4B-00C04F79EFBC}") = "Qzt.Ump.ServerBack", "Qzt.Ump.ServerBack\Qzt.Ump.ServerBack.csproj", "{A3F7F007-2203-4808-8815-5B33D1C1A1A1}"
EndProject
Project("{FAE04EC0-301F-11D3-BF4B-00C04F79EFBC}") = "Qzt.Ump.ServerWeb", "Qzt.Ump.ServerWeb\Qzt.Ump.ServerWeb.csproj", "{1F715DB0-B8F3-4CDD-9EA7-4521EAB3E218}"
EndProject
Project("{FAE04EC0-301F-11D3-BF4B-00C04F79EFBC}") = "Qzt.Common.Core", "Qzt.Common.Core\Qzt.Common.Core.csproj", "{1C0C7AF3-51FD-47DF-A936-2123BC3FCF7B}"
EndProject
Project("{FAE04EC0-301F-11D3-BF4B-00C04F79EFBC}") = "Qzt.Common.Database", "Qzt.Common.Database\Qzt.Common.Database.csproj", "{95C8F12C-A2C7-4614-AEAD-466C25F39CCE}"
EndProject
Project("{FAE04EC0-301F-11D3-BF4B-00C04F79EFBC}") = "Qzt.Common.Redis", "Qzt.Common.Redis\Qzt.Common.Redis.csproj", "{486007B9-245A-424C-9B28-328618043303}"
EndProject
Project("{FAE04EC0-301F-11D3-BF4B-00C04F79EFBC}") = "Qzt.Common.Web", "Qzt.Common.Web\Qzt.Common.Web.csproj", "{B0EEF279-FF8F-4E0C-ADC3-B1BDF0A14A72}"
EndProject
Global
	GlobalSection(SolutionConfigurationPlatforms) = preSolution
		Debug|Any CPU = Debug|Any CPU
		Debug|x64 = Debug|x64
		Debug|x86 = Debug|x86
		Release|Any CPU = Release|Any CPU
		Release|x64 = Release|x64
		Release|x86 = Release|x86
	EndGlobalSection
	GlobalSection(ProjectConfigurationPlatforms) = postSolution
		{BACC0190-5938-4E3F-9A3C-1431437B745E}.Debug|Any CPU.ActiveCfg = Debug|Any CPU
		{BACC0190-5938-4E3F-9A3C-1431437B745E}.Debug|Any CPU.Build.0 = Debug|Any CPU
		{BACC0190-5938-4E3F-9A3C-1431437B745E}.Debug|x64.ActiveCfg = Debug|Any CPU
		{BACC0190-5938-4E3F-9A3C-1431437B745E}.Debug|x64.Build.0 = Debug|Any CPU
		{BACC0190-5938-4E3F-9A3C-1431437B745E}.Debug|x86.ActiveCfg = Debug|Any CPU
		{BACC0190-5938-4E3F-9A3C-1431437B745E}.Debug|x86.Build.0 = Debug|Any CPU
		{BACC0190-5938-4E3F-9A3C-1431437B745E}.Release|Any CPU.ActiveCfg = Release|Any CPU
		{BACC0190-5938-4E3F-9A3C-1431437B745E}.Release|Any CPU.Build.0 = Release|Any CPU
		{BACC0190-5938-4E3F-9A3C-1431437B745E}.Release|x64.ActiveCfg = Release|Any CPU
		{BACC0190-5938-4E3F-9A3C-1431437B745E}.Release|x64.Build.0 = Release|Any CPU
		{BACC0190-5938-4E3F-9A3C-1431437B745E}.Release|x86.ActiveCfg = Release|Any CPU
		{BACC0190-5938-4E3F-9A3C-1431437B745E}.Release|x86.Build.0 = Release|Any CPU
		{A3F7F007-2203-4808-8815-5B33D1C1A1A1}.Debug|Any CPU.ActiveCfg = Debug|Any CPU
		{A3F7F007-2203-4808-8815-5B33D1C1A1A1}.Debug|Any CPU.Build.0 = Debug|Any CPU
		{A3F7F007-2203-4808-8815-5B33D1C1A1A1}.Debug|x64.ActiveCfg = Debug|Any CPU
		{A3F7F007-2203-4808-8815-5B33D1C1A1A1}.Debug|x64.Build.0 = Debug|Any CPU
		{A3F7F007-2203-4808-8815-5B33D1C1A1A1}.Debug|x86.ActiveCfg = Debug|Any CPU
		{A3F7F007-2203-4808-8815-5B33D1C1A1A1}.Debug|x86.Build.0 = Debug|Any CPU
		{A3F7F007-2203-4808-8815-5B33D1C1A1A1}.Release|Any CPU.ActiveCfg = Release|Any CPU
		{A3F7F007-2203-4808-8815-5B33D1C1A1A1}.Release|Any CPU.Build.0 = Release|Any CPU
		{A3F7F007-2203-4808-8815-5B33D1C1A1A1}.Release|x64.ActiveCfg = Release|Any CPU
		{A3F7F007-2203-4808-8815-5B33D1C1A1A1}.Release|x64.Build.0 = Release|Any CPU
		{A3F7F007-2203-4808-8815-5B33D1C1A1A1}.Release|x86.ActiveCfg = Release|Any CPU
		{A3F7F007-2203-4808-8815-5B33D1C1A1A1}.Release|x86.Build.0 = Release|Any CPU
		{1F715DB0-B8F3-4CDD-9EA7-4521EAB3E218}.Debug|Any CPU.ActiveCfg = Debug|Any CPU
		{1F715DB0-B8F3-4CDD-9EA7-4521EAB3E218}.Debug|Any CPU.Build.0 = Debug|Any CPU
		{1F715DB0-B8F3-4CDD-9EA7-4521EAB3E218}.Debug|x64.ActiveCfg = Debug|Any CPU
		{1F715DB0-B8F3-4CDD-9EA7-4521EAB3E218}.Debug|x64.Build.0 = Debug|Any CPU
		{1F715DB0-B8F3-4CDD-9EA7-4521EAB3E218}.Debug|x86.ActiveCfg = Debug|Any CPU
		{1F715DB0-B8F3-4CDD-9EA7-4521EAB3E218}.Debug|x86.Build.0 = Debug|Any CPU
		{1F715DB0-B8F3-4CDD-9EA7-4521EAB3E218}.Release|Any CPU.ActiveCfg = Release|Any CPU
		{1F715DB0-B8F3-4CDD-9EA7-4521EAB3E218}.Release|Any CPU.Build.0 = Release|Any CPU
		{1F715DB0-B8F3-4CDD-9EA7-4521EAB3E218}.Release|x64.ActiveCfg = Release|Any CPU
		{1F715DB0-B8F3-4CDD-9EA7-4521EAB3E218}.Release|x64.Build.0 = Release|Any CPU
		{1F715DB0-B8F3-4CDD-9EA7-4521EAB3E218}.Release|x86.ActiveCfg = Release|Any CPU
		{1F715DB0-B8F3-4CDD-9EA7-4521EAB3E218}.Release|x86.Build.0 = Release|Any CPU
		{1C0C7AF3-51FD-47DF-A936-2123BC3FCF7B}.Debug|Any CPU.ActiveCfg = Debug|Any CPU
		{1C0C7AF3-51FD-47DF-A936-2123BC3FCF7B}.Debug|Any CPU.Build.0 = Debug|Any CPU
		{1C0C7AF3-51FD-47DF-A936-2123BC3FCF7B}.Debug|x64.ActiveCfg = Debug|Any CPU
		{1C0C7AF3-51FD-47DF-A936-2123BC3FCF7B}.Debug|x64.Build.0 = Debug|Any CPU
		{1C0C7AF3-51FD-47DF-A936-2123BC3FCF7B}.Debug|x86.ActiveCfg = Debug|Any CPU
		{1C0C7AF3-51FD-47DF-A936-2123BC3FCF7B}.Debug|x86.Build.0 = Debug|Any CPU
		{1C0C7AF3-51FD-47DF-A936-2123BC3FCF7B}.Release|Any CPU.ActiveCfg = Release|Any CPU
		{1C0C7AF3-51FD-47DF-A936-2123BC3FCF7B}.Release|Any CPU.Build.0 = Release|Any CPU
		{1C0C7AF3-51FD-47DF-A936-2123BC3FCF7B}.Release|x64.ActiveCfg = Release|Any CPU
		{1C0C7AF3-51FD-47DF-A936-2123BC3FCF7B}.Release|x64.Build.0 = Release|Any CPU
		{1C0C7AF3-51FD-47DF-A936-2123BC3FCF7B}.Release|x86.ActiveCfg = Release|Any CPU
		{1C0C7AF3-51FD-47DF-A936-2123BC3FCF7B}.Release|x86.Build.0 = Release|Any CPU
		{95C8F12C-A2C7-4614-AEAD-466C25F39CCE}.Debug|Any CPU.ActiveCfg = Debug|Any CPU
		{95C8F12C-A2C7-4614-AEAD-466C25F39CCE}.Debug|Any CPU.Build.0 = Debug|Any CPU
		{95C8F12C-A2C7-4614-AEAD-466C25F39CCE}.Debug|x64.ActiveCfg = Debug|Any CPU
		{95C8F12C-A2C7-4614-AEAD-466C25F39CCE}.Debug|x64.Build.0 = Debug|Any CPU
		{95C8F12C-A2C7-4614-AEAD-466C25F39CCE}.Debug|x86.ActiveCfg = Debug|Any CPU
		{95C8F12C-A2C7-4614-AEAD-466C25F39CCE}.Debug|x86.Build.0 = Debug|Any CPU
		{95C8F12C-A2C7-4614-AEAD-466C25F39CCE}.Release|Any CPU.ActiveCfg = Release|Any CPU
		{95C8F12C-A2C7-4614-AEAD-466C25F39CCE}.Release|Any CPU.Build.0 = Release|Any CPU
		{95C8F12C-A2C7-4614-AEAD-466C25F39CCE}.Release|x64.ActiveCfg = Release|Any CPU
		{95C8F12C-A2C7-4614-AEAD-466C25F39CCE}.Release|x64.Build.0 = Release|Any CPU
		{95C8F12C-A2C7-4614-AEAD-466C25F39CCE}.Release|x86.ActiveCfg = Release|Any CPU
		{95C8F12C-A2C7-4614-AEAD-466C25F39CCE}.Release|x86.Build.0 = Release|Any CPU
		{486007B9-245A-424C-9B28-328618043303}.Debug|Any CPU.ActiveCfg = Debug|Any CPU
		{486007B9-245A-424C-9B28-328618043303}.Debug|Any CPU.Build.0 = Debug|Any CPU
		{486007B9-245A-424C-9B28-328618043303}.Debug|x64.ActiveCfg = Debug|Any CPU
		{486007B9-245A-424C-9B28-328618043303}.Debug|x64.Build.0 = Debug|Any CPU
		{486007B9-245A-424C-9B28-328618043303}.Debug|x86.ActiveCfg = Debug|Any CPU
		{486007B9-245A-424C-9B28-328618043303}.Debug|x86.Build.0 = Debug|Any CPU
		{486007B9-245A-424C-9B28-328618043303}.Release|Any CPU.ActiveCfg = Release|Any CPU
		{486007B9-245A-424C-9B28-328618043303}.Release|Any CPU.Build.0 = Release|Any CPU
		{486007B9-245A-424C-9B28-328618043303}.Release|x64.ActiveCfg = Release|Any CPU
		{486007B9-245A-424C-9B28-328618043303}.Release|x64.Build.0 = Release|Any CPU
		{486007B9-245A-424C-9B28-328618043303}.Release|x86.ActiveCfg = Release|Any CPU
		{486007B9-245A-424C-9B28-328618043303}.Release|x86.Build.0 = Release|Any CPU
		{B0EEF279-FF8F-4E0C-ADC3-B1BDF0A14A72}.Debug|Any CPU.ActiveCfg = Debug|Any CPU
		{B0EEF279-FF8F-4E0C-ADC3-B1BDF0A14A72}.Debug|Any CPU.Build.0 = Debug|Any CPU
		{B0EEF279-FF8F-4E0C-ADC3-B1BDF0A14A72}.Debug|x64.ActiveCfg = Debug|Any CPU
		{B0EEF279-FF8F-4E0C-ADC3-B1BDF0A14A72}.Debug|x64.Build.0 = Debug|Any CPU
		{B0EEF279-FF8F-4E0C-ADC3-B1BDF0A14A72}.Debug|x86.ActiveCfg = Debug|Any CPU
		{B0EEF279-FF8F-4E0C-ADC3-B1BDF0A14A72}.Debug|x86.Build.0 = Debug|Any CPU
		{B0EEF279-FF8F-4E0C-ADC3-B1BDF0A14A72}.Release|Any CPU.ActiveCfg = Release|Any CPU
		{B0EEF279-FF8F-4E0C-ADC3-B1BDF0A14A72}.Release|Any CPU.Build.0 = Release|Any CPU
		{B0EEF279-FF8F-4E0C-ADC3-B1BDF0A14A72}.Release|x64.ActiveCfg = Release|Any CPU
		{B0EEF279-FF8F-4E0C-ADC3-B1BDF0A14A72}.Release|x64.Build.0 = Release|Any CPU
		{B0EEF279-FF8F-4E0C-ADC3-B1BDF0A14A72}.Release|x86.ActiveCfg = Release|Any CPU
		{B0EEF279-FF8F-4E0C-ADC3-B1BDF0A14A72}.Release|x86.Build.0 = Release|Any CPU
	EndGlobalSection
	GlobalSection(SolutionProperties) = preSolution
		HideSolutionNode = FALSE
	EndGlobalSection
EndGlobal
